
Microsoft Visual Studio Solution File, Format Version 12.00
# Visual Studio Version 16
VisualStudioVersion = 16.0.28917.181
MinimumVisualStudioVersion = 10.0.40219.1
Project("{2150E333-8FDC-42A3-9474-1A3956D46DE8}") = "20-BLL", "20-BLL", "{A30CC2A0-2BEA-448A-8BA6-C14019D2946C}"
EndProject
Project("{2150E333-8FDC-42A3-9474-1A3956D46DE8}") = "30-DAL", "30-DAL", "{35183393-F387-4BFF-8D08-9064D715AD21}"
EndProject
Project("{2150E333-8FDC-42A3-9474-1A3956D46DE8}") = "40-COMMON", "40-COMMON", "{540C80F8-885C-439F-9E7D-F949FAA5379B}"
EndProject
Project("{9A19103F-16F7-4668-BE54-9A1E7A4F7556}") = "Common", "40-COMMON\Common\Common.csproj", "{D27C6381-7B1E-4A8C-9539-F500ABEC8B2E}"
EndProject
Project("{9A19103F-16F7-4668-BE54-9A1E7A4F7556}") = "Entities", "30-DAL\Entities\Entities.csproj", "{1036C52C-E43B-4A05-9083-435B78D9EB81}"
EndProject
Project("{9A19103F-16F7-4668-BE54-9A1E7A4F7556}") = "Repository", "30-DAL\Repository\Repository.csproj", "{314123CD-285B-4A7C-B574-CA6898FCC5F0}"
EndProject
Project("{9A19103F-16F7-4668-BE54-9A1E7A4F7556}") = "DAL", "30-DAL\DAL\DAL.csproj", "{EA276BA7-2EB8-4DC9-852C-6AD59A6F3C43}"
EndProject
Project("{9A19103F-16F7-4668-BE54-9A1E7A4F7556}") = "DTO", "30-DAL\DTO\DTO.csproj", "{759D77D4-83CB-498B-B961-0A2DBF90AED5}"
EndProject
Project("{2150E333-8FDC-42A3-9474-1A3956D46DE8}") = "WPF", "WPF", "{326D4C57-A5ED-4F4D-B733-2B3465E760AC}"
EndProject
Project("{2150E333-8FDC-42A3-9474-1A3956D46DE8}") = "00-APP", "00-APP", "{D89C8A75-647C-459A-8DEC-11A5839BBC92}"
EndProject
Project("{2150E333-8FDC-42A3-9474-1A3956D46DE8}") = "10-PLL", "10-PLL", "{4D341D15-5742-49E2-AF1C-C0E95ABD0B34}"
EndProject
Project("{FAE04EC0-301F-11D3-BF4B-00C04F79EFBC}") = "Hulkey", "WPF\00-APP\Hulkey\Hulkey.csproj", "{D8F93577-E410-43C5-BDF3-8722214CE371}"
EndProject
Project("{FAE04EC0-301F-11D3-BF4B-00C04F79EFBC}") = "PresentationCommon", "WPF\10-PLL\PresentationCommon\PresentationCommon.csproj", "{98F4CCDD-4879-45C0-8298-EB805C2B6096}"
EndProject
Project("{FAE04EC0-301F-11D3-BF4B-00C04F79EFBC}") = "BackOffice", "WPF\10-PLL\BackOffice\BackOffice.csproj", "{9C91C7AC-5DBE-4A54-961A-622326581999}"
EndProject
Project("{9A19103F-16F7-4668-BE54-9A1E7A4F7556}") = "ServiceCommon", "20-BLL\ServiceCommon\ServiceCommon.csproj", "{4D2FEBF6-A191-4889-969E-9E1C23A0118C}"
EndProject
Project("{9A19103F-16F7-4668-BE54-9A1E7A4F7556}") = "Services", "20-BLL\Services\Services.csproj", "{983F8630-3504-4ECD-9B3B-20FF639E66D7}"
	ProjectSection(ProjectDependencies) = postProject
		{D27C6381-7B1E-4A8C-9539-F500ABEC8B2E} = {D27C6381-7B1E-4A8C-9539-F500ABEC8B2E}
		{EA276BA7-2EB8-4DC9-852C-6AD59A6F3C43} = {EA276BA7-2EB8-4DC9-852C-6AD59A6F3C43}
		{314123CD-285B-4A7C-B574-CA6898FCC5F0} = {314123CD-285B-4A7C-B574-CA6898FCC5F0}
		{759D77D4-83CB-498B-B961-0A2DBF90AED5} = {759D77D4-83CB-498B-B961-0A2DBF90AED5}
		{4D2FEBF6-A191-4889-969E-9E1C23A0118C} = {4D2FEBF6-A191-4889-969E-9E1C23A0118C}
	EndProjectSection
EndProject
Project("{FAE04EC0-301F-11D3-BF4B-00C04F79EFBC}") = "MVVM", "WPF\10-PLL\MVVM\MVVM.csproj", "{7B1BF243-A128-4939-A5DD-6E107BE6BB6E}"
EndProject
Project("{FAE04EC0-301F-11D3-BF4B-00C04F79EFBC}") = "Administration", "WPF\10-PLL\Administration\Administration.csproj", "{62CBA2AC-1B14-47BF-9946-2627E183F92D}"
EndProject
Global
	GlobalSection(SolutionConfigurationPlatforms) = preSolution
		Debug|Any CPU = Debug|Any CPU
		Debug|ARM = Debug|ARM
		Debug|ARM64 = Debug|ARM64
		Debug|x64 = Debug|x64
		Debug|x86 = Debug|x86
		Release|Any CPU = Release|Any CPU
		Release|ARM = Release|ARM
		Release|ARM64 = Release|ARM64
		Release|x64 = Release|x64
		Release|x86 = Release|x86
	EndGlobalSection
	GlobalSection(ProjectConfigurationPlatforms) = postSolution
		{D27C6381-7B1E-4A8C-9539-F500ABEC8B2E}.Debug|Any CPU.ActiveCfg = Debug|Any CPU
		{D27C6381-7B1E-4A8C-9539-F500ABEC8B2E}.Debug|Any CPU.Build.0 = Debug|Any CPU
		{D27C6381-7B1E-4A8C-9539-F500ABEC8B2E}.Debug|ARM.ActiveCfg = Debug|Any CPU
		{D27C6381-7B1E-4A8C-9539-F500ABEC8B2E}.Debug|ARM.Build.0 = Debug|Any CPU
		{D27C6381-7B1E-4A8C-9539-F500ABEC8B2E}.Debug|ARM64.ActiveCfg = Debug|Any CPU
		{D27C6381-7B1E-4A8C-9539-F500ABEC8B2E}.Debug|ARM64.Build.0 = Debug|Any CPU
		{D27C6381-7B1E-4A8C-9539-F500ABEC8B2E}.Debug|x64.ActiveCfg = Debug|Any CPU
		{D27C6381-7B1E-4A8C-9539-F500ABEC8B2E}.Debug|x64.Build.0 = Debug|Any CPU
		{D27C6381-7B1E-4A8C-9539-F500ABEC8B2E}.Debug|x86.ActiveCfg = Debug|Any CPU
		{D27C6381-7B1E-4A8C-9539-F500ABEC8B2E}.Debug|x86.Build.0 = Debug|Any CPU
		{D27C6381-7B1E-4A8C-9539-F500ABEC8B2E}.Release|Any CPU.ActiveCfg = Release|Any CPU
		{D27C6381-7B1E-4A8C-9539-F500ABEC8B2E}.Release|Any CPU.Build.0 = Release|Any CPU
		{D27C6381-7B1E-4A8C-9539-F500ABEC8B2E}.Release|ARM.ActiveCfg = Release|Any CPU
		{D27C6381-7B1E-4A8C-9539-F500ABEC8B2E}.Release|ARM.Build.0 = Release|Any CPU
		{D27C6381-7B1E-4A8C-9539-F500ABEC8B2E}.Release|ARM64.ActiveCfg = Release|Any CPU
		{D27C6381-7B1E-4A8C-9539-F500ABEC8B2E}.Release|ARM64.Build.0 = Release|Any CPU
		{D27C6381-7B1E-4A8C-9539-F500ABEC8B2E}.Release|x64.ActiveCfg = Release|Any CPU
		{D27C6381-7B1E-4A8C-9539-F500ABEC8B2E}.Release|x64.Build.0 = Release|Any CPU
		{D27C6381-7B1E-4A8C-9539-F500ABEC8B2E}.Release|x86.ActiveCfg = Release|Any CPU
		{D27C6381-7B1E-4A8C-9539-F500ABEC8B2E}.Release|x86.Build.0 = Release|Any CPU
		{1036C52C-E43B-4A05-9083-435B78D9EB81}.Debug|Any CPU.ActiveCfg = Debug|Any CPU
		{1036C52C-E43B-4A05-9083-435B78D9EB81}.Debug|Any CPU.Build.0 = Debug|Any CPU
		{1036C52C-E43B-4A05-9083-435B78D9EB81}.Debug|ARM.ActiveCfg = Debug|Any CPU
		{1036C52C-E43B-4A05-9083-435B78D9EB81}.Debug|ARM.Build.0 = Debug|Any CPU
		{1036C52C-E43B-4A05-9083-435B78D9EB81}.Debug|ARM64.ActiveCfg = Debug|Any CPU
		{1036C52C-E43B-4A05-9083-435B78D9EB81}.Debug|ARM64.Build.0 = Debug|Any CPU
		{1036C52C-E43B-4A05-9083-435B78D9EB81}.Debug|x64.ActiveCfg = Debug|Any CPU
		{1036C52C-E43B-4A05-9083-435B78D9EB81}.Debug|x64.Build.0 = Debug|Any CPU
		{1036C52C-E43B-4A05-9083-435B78D9EB81}.Debug|x86.ActiveCfg = Debug|Any CPU
		{1036C52C-E43B-4A05-9083-435B78D9EB81}.Debug|x86.Build.0 = Debug|Any CPU
		{1036C52C-E43B-4A05-9083-435B78D9EB81}.Release|Any CPU.ActiveCfg = Release|Any CPU
		{1036C52C-E43B-4A05-9083-435B78D9EB81}.Release|Any CPU.Build.0 = Release|Any CPU
		{1036C52C-E43B-4A05-9083-435B78D9EB81}.Release|ARM.ActiveCfg = Release|Any CPU
		{1036C52C-E43B-4A05-9083-435B78D9EB81}.Release|ARM.Build.0 = Release|Any CPU
		{1036C52C-E43B-4A05-9083-435B78D9EB81}.Release|ARM64.ActiveCfg = Release|Any CPU
		{1036C52C-E43B-4A05-9083-435B78D9EB81}.Release|ARM64.Build.0 = Release|Any CPU
		{1036C52C-E43B-4A05-9083-435B78D9EB81}.Release|x64.ActiveCfg = Release|Any CPU
		{1036C52C-E43B-4A05-9083-435B78D9EB81}.Release|x64.Build.0 = Release|Any CPU
		{1036C52C-E43B-4A05-9083-435B78D9EB81}.Release|x86.ActiveCfg = Release|Any CPU
		{1036C52C-E43B-4A05-9083-435B78D9EB81}.Release|x86.Build.0 = Release|Any CPU
		{314123CD-285B-4A7C-B574-CA6898FCC5F0}.Debug|Any CPU.ActiveCfg = Debug|Any CPU
		{314123CD-285B-4A7C-B574-CA6898FCC5F0}.Debug|Any CPU.Build.0 = Debug|Any CPU
		{314123CD-285B-4A7C-B574-CA6898FCC5F0}.Debug|ARM.ActiveCfg = Debug|Any CPU
		{314123CD-285B-4A7C-B574-CA6898FCC5F0}.Debug|ARM.Build.0 = Debug|Any CPU
		{314123CD-285B-4A7C-B574-CA6898FCC5F0}.Debug|ARM64.ActiveCfg = Debug|Any CPU
		{314123CD-285B-4A7C-B574-CA6898FCC5F0}.Debug|ARM64.Build.0 = Debug|Any CPU
		{314123CD-285B-4A7C-B574-CA6898FCC5F0}.Debug|x64.ActiveCfg = Debug|Any CPU
		{314123CD-285B-4A7C-B574-CA6898FCC5F0}.Debug|x64.Build.0 = Debug|Any CPU
		{314123CD-285B-4A7C-B574-CA6898FCC5F0}.Debug|x86.ActiveCfg = Debug|Any CPU
		{314123CD-285B-4A7C-B574-CA6898FCC5F0}.Debug|x86.Build.0 = Debug|Any CPU
		{314123CD-285B-4A7C-B574-CA6898FCC5F0}.Release|Any CPU.ActiveCfg = Release|Any CPU
		{314123CD-285B-4A7C-B574-CA6898FCC5F0}.Release|Any CPU.Build.0 = Release|Any CPU
		{314123CD-285B-4A7C-B574-CA6898FCC5F0}.Release|ARM.ActiveCfg = Release|Any CPU
		{314123CD-285B-4A7C-B574-CA6898FCC5F0}.Release|ARM.Build.0 = Release|Any CPU
		{314123CD-285B-4A7C-B574-CA6898FCC5F0}.Release|ARM64.ActiveCfg = Release|Any CPU
		{314123CD-285B-4A7C-B574-CA6898FCC5F0}.Release|ARM64.Build.0 = Release|Any CPU
		{314123CD-285B-4A7C-B574-CA6898FCC5F0}.Release|x64.ActiveCfg = Release|Any CPU
		{314123CD-285B-4A7C-B574-CA6898FCC5F0}.Release|x64.Build.0 = Release|Any CPU
		{314123CD-285B-4A7C-B574-CA6898FCC5F0}.Release|x86.ActiveCfg = Release|Any CPU
		{314123CD-285B-4A7C-B574-CA6898FCC5F0}.Release|x86.Build.0 = Release|Any CPU
		{EA276BA7-2EB8-4DC9-852C-6AD59A6F3C43}.Debug|Any CPU.ActiveCfg = Debug|Any CPU
		{EA276BA7-2EB8-4DC9-852C-6AD59A6F3C43}.Debug|Any CPU.Build.0 = Debug|Any CPU
		{EA276BA7-2EB8-4DC9-852C-6AD59A6F3C43}.Debug|ARM.ActiveCfg = Debug|Any CPU
		{EA276BA7-2EB8-4DC9-852C-6AD59A6F3C43}.Debug|ARM.Build.0 = Debug|Any CPU
		{EA276BA7-2EB8-4DC9-852C-6AD59A6F3C43}.Debug|ARM64.ActiveCfg = Debug|Any CPU
		{EA276BA7-2EB8-4DC9-852C-6AD59A6F3C43}.Debug|ARM64.Build.0 = Debug|Any CPU
		{EA276BA7-2EB8-4DC9-852C-6AD59A6F3C43}.Debug|x64.ActiveCfg = Debug|Any CPU
		{EA276BA7-2EB8-4DC9-852C-6AD59A6F3C43}.Debug|x64.Build.0 = Debug|Any CPU
		{EA276BA7-2EB8-4DC9-852C-6AD59A6F3C43}.Debug|x86.ActiveCfg = Debug|Any CPU
		{EA276BA7-2EB8-4DC9-852C-6AD59A6F3C43}.Debug|x86.Build.0 = Debug|Any CPU
		{EA276BA7-2EB8-4DC9-852C-6AD59A6F3C43}.Release|Any CPU.ActiveCfg = Release|Any CPU
		{EA276BA7-2EB8-4DC9-852C-6AD59A6F3C43}.Release|Any CPU.Build.0 = Release|Any CPU
		{EA276BA7-2EB8-4DC9-852C-6AD59A6F3C43}.Release|ARM.ActiveCfg = Release|Any CPU
		{EA276BA7-2EB8-4DC9-852C-6AD59A6F3C43}.Release|ARM.Build.0 = Release|Any CPU
		{EA276BA7-2EB8-4DC9-852C-6AD59A6F3C43}.Release|ARM64.ActiveCfg = Release|Any CPU
		{EA276BA7-2EB8-4DC9-852C-6AD59A6F3C43}.Release|ARM64.Build.0 = Release|Any CPU
		{EA276BA7-2EB8-4DC9-852C-6AD59A6F3C43}.Release|x64.ActiveCfg = Release|Any CPU
		{EA276BA7-2EB8-4DC9-852C-6AD59A6F3C43}.Release|x64.Build.0 = Release|Any CPU
		{EA276BA7-2EB8-4DC9-852C-6AD59A6F3C43}.Release|x86.ActiveCfg = Release|Any CPU
		{EA276BA7-2EB8-4DC9-852C-6AD59A6F3C43}.Release|x86.Build.0 = Release|Any CPU
		{759D77D4-83CB-498B-B961-0A2DBF90AED5}.Debug|Any CPU.ActiveCfg = Debug|Any CPU
		{759D77D4-83CB-498B-B961-0A2DBF90AED5}.Debug|Any CPU.Build.0 = Debug|Any CPU
		{759D77D4-83CB-498B-B961-0A2DBF90AED5}.Debug|ARM.ActiveCfg = Debug|Any CPU
		{759D77D4-83CB-498B-B961-0A2DBF90AED5}.Debug|ARM.Build.0 = Debug|Any CPU
		{759D77D4-83CB-498B-B961-0A2DBF90AED5}.Debug|ARM64.ActiveCfg = Debug|Any CPU
		{759D77D4-83CB-498B-B961-0A2DBF90AED5}.Debug|ARM64.Build.0 = Debug|Any CPU
		{759D77D4-83CB-498B-B961-0A2DBF90AED5}.Debug|x64.ActiveCfg = Debug|Any CPU
		{759D77D4-83CB-498B-B961-0A2DBF90AED5}.Debug|x64.Build.0 = Debug|Any CPU
		{759D77D4-83CB-498B-B961-0A2DBF90AED5}.Debug|x86.ActiveCfg = Debug|Any CPU
		{759D77D4-83CB-498B-B961-0A2DBF90AED5}.Debug|x86.Build.0 = Debug|Any CPU
		{759D77D4-83CB-498B-B961-0A2DBF90AED5}.Release|Any CPU.ActiveCfg = Release|Any CPU
		{759D77D4-83CB-498B-B961-0A2DBF90AED5}.Release|Any CPU.Build.0 = Release|Any CPU
		{759D77D4-83CB-498B-B961-0A2DBF90AED5}.Release|ARM.ActiveCfg = Release|Any CPU
		{759D77D4-83CB-498B-B961-0A2DBF90AED5}.Release|ARM.Build.0 = Release|Any CPU
		{759D77D4-83CB-498B-B961-0A2DBF90AED5}.Release|ARM64.ActiveCfg = Release|Any CPU
		{759D77D4-83CB-498B-B961-0A2DBF90AED5}.Release|ARM64.Build.0 = Release|Any CPU
		{759D77D4-83CB-498B-B961-0A2DBF90AED5}.Release|x64.ActiveCfg = Release|Any CPU
		{759D77D4-83CB-498B-B961-0A2DBF90AED5}.Release|x64.Build.0 = Release|Any CPU
		{759D77D4-83CB-498B-B961-0A2DBF90AED5}.Release|x86.ActiveCfg = Release|Any CPU
		{759D77D4-83CB-498B-B961-0A2DBF90AED5}.Release|x86.Build.0 = Release|Any CPU
		{D8F93577-E410-43C5-BDF3-8722214CE371}.Debug|Any CPU.ActiveCfg = Debug|Any CPU
		{D8F93577-E410-43C5-BDF3-8722214CE371}.Debug|Any CPU.Build.0 = Debug|Any CPU
		{D8F93577-E410-43C5-BDF3-8722214CE371}.Debug|ARM.ActiveCfg = Debug|Any CPU
		{D8F93577-E410-43C5-BDF3-8722214CE371}.Debug|ARM.Build.0 = Debug|Any CPU
		{D8F93577-E410-43C5-BDF3-8722214CE371}.Debug|ARM64.ActiveCfg = Debug|Any CPU
		{D8F93577-E410-43C5-BDF3-8722214CE371}.Debug|ARM64.Build.0 = Debug|Any CPU
		{D8F93577-E410-43C5-BDF3-8722214CE371}.Debug|x64.ActiveCfg = Debug|Any CPU
		{D8F93577-E410-43C5-BDF3-8722214CE371}.Debug|x64.Build.0 = Debug|Any CPU
		{D8F93577-E410-43C5-BDF3-8722214CE371}.Debug|x86.ActiveCfg = Debug|Any CPU
		{D8F93577-E410-43C5-BDF3-8722214CE371}.Debug|x86.Build.0 = Debug|Any CPU
		{D8F93577-E410-43C5-BDF3-8722214CE371}.Release|Any CPU.ActiveCfg = Release|Any CPU
		{D8F93577-E410-43C5-BDF3-8722214CE371}.Release|Any CPU.Build.0 = Release|Any CPU
		{D8F93577-E410-43C5-BDF3-8722214CE371}.Release|ARM.ActiveCfg = Release|Any CPU
		{D8F93577-E410-43C5-BDF3-8722214CE371}.Release|ARM.Build.0 = Release|Any CPU
		{D8F93577-E410-43C5-BDF3-8722214CE371}.Release|ARM64.ActiveCfg = Release|Any CPU
		{D8F93577-E410-43C5-BDF3-8722214CE371}.Release|ARM64.Build.0 = Release|Any CPU
		{D8F93577-E410-43C5-BDF3-8722214CE371}.Release|x64.ActiveCfg = Release|Any CPU
		{D8F93577-E410-43C5-BDF3-8722214CE371}.Release|x64.Build.0 = Release|Any CPU
		{D8F93577-E410-43C5-BDF3-8722214CE371}.Release|x86.ActiveCfg = Release|Any CPU
		{D8F93577-E410-43C5-BDF3-8722214CE371}.Release|x86.Build.0 = Release|Any CPU
		{98F4CCDD-4879-45C0-8298-EB805C2B6096}.Debug|Any CPU.ActiveCfg = Debug|Any CPU
		{98F4CCDD-4879-45C0-8298-EB805C2B6096}.Debug|Any CPU.Build.0 = Debug|Any CPU
		{98F4CCDD-4879-45C0-8298-EB805C2B6096}.Debug|ARM.ActiveCfg = Debug|Any CPU
		{98F4CCDD-4879-45C0-8298-EB805C2B6096}.Debug|ARM.Build.0 = Debug|Any CPU
		{98F4CCDD-4879-45C0-8298-EB805C2B6096}.Debug|ARM64.ActiveCfg = Debug|Any CPU
		{98F4CCDD-4879-45C0-8298-EB805C2B6096}.Debug|ARM64.Build.0 = Debug|Any CPU
		{98F4CCDD-4879-45C0-8298-EB805C2B6096}.Debug|x64.ActiveCfg = Debug|Any CPU
		{98F4CCDD-4879-45C0-8298-EB805C2B6096}.Debug|x64.Build.0 = Debug|Any CPU
		{98F4CCDD-4879-45C0-8298-EB805C2B6096}.Debug|x86.ActiveCfg = Debug|Any CPU
		{98F4CCDD-4879-45C0-8298-EB805C2B6096}.Debug|x86.Build.0 = Debug|Any CPU
		{98F4CCDD-4879-45C0-8298-EB805C2B6096}.Release|Any CPU.ActiveCfg = Release|Any CPU
		{98F4CCDD-4879-45C0-8298-EB805C2B6096}.Release|Any CPU.Build.0 = Release|Any CPU
		{98F4CCDD-4879-45C0-8298-EB805C2B6096}.Release|ARM.ActiveCfg = Release|Any CPU
		{98F4CCDD-4879-45C0-8298-EB805C2B6096}.Release|ARM.Build.0 = Release|Any CPU
		{98F4CCDD-4879-45C0-8298-EB805C2B6096}.Release|ARM64.ActiveCfg = Release|Any CPU
		{98F4CCDD-4879-45C0-8298-EB805C2B6096}.Release|ARM64.Build.0 = Release|Any CPU
		{98F4CCDD-4879-45C0-8298-EB805C2B6096}.Release|x64.ActiveCfg = Release|Any CPU
		{98F4CCDD-4879-45C0-8298-EB805C2B6096}.Release|x64.Build.0 = Release|Any CPU
		{98F4CCDD-4879-45C0-8298-EB805C2B6096}.Release|x86.ActiveCfg = Release|Any CPU
		{98F4CCDD-4879-45C0-8298-EB805C2B6096}.Release|x86.Build.0 = Release|Any CPU
		{9C91C7AC-5DBE-4A54-961A-622326581999}.Debug|Any CPU.ActiveCfg = Debug|Any CPU
		{9C91C7AC-5DBE-4A54-961A-622326581999}.Debug|Any CPU.Build.0 = Debug|Any CPU
		{9C91C7AC-5DBE-4A54-961A-622326581999}.Debug|ARM.ActiveCfg = Debug|Any CPU
		{9C91C7AC-5DBE-4A54-961A-622326581999}.Debug|ARM.Build.0 = Debug|Any CPU
		{9C91C7AC-5DBE-4A54-961A-622326581999}.Debug|ARM64.ActiveCfg = Debug|Any CPU
		{9C91C7AC-5DBE-4A54-961A-622326581999}.Debug|ARM64.Build.0 = Debug|Any CPU
		{9C91C7AC-5DBE-4A54-961A-622326581999}.Debug|x64.ActiveCfg = Debug|Any CPU
		{9C91C7AC-5DBE-4A54-961A-622326581999}.Debug|x64.Build.0 = Debug|Any CPU
		{9C91C7AC-5DBE-4A54-961A-622326581999}.Debug|x86.ActiveCfg = Debug|Any CPU
		{9C91C7AC-5DBE-4A54-961A-622326581999}.Debug|x86.Build.0 = Debug|Any CPU
		{9C91C7AC-5DBE-4A54-961A-622326581999}.Release|Any CPU.ActiveCfg = Release|Any CPU
		{9C91C7AC-5DBE-4A54-961A-622326581999}.Release|Any CPU.Build.0 = Release|Any CPU
		{9C91C7AC-5DBE-4A54-961A-622326581999}.Release|ARM.ActiveCfg = Release|Any CPU
		{9C91C7AC-5DBE-4A54-961A-622326581999}.Release|ARM.Build.0 = Release|Any CPU
		{9C91C7AC-5DBE-4A54-961A-622326581999}.Release|ARM64.ActiveCfg = Release|Any CPU
		{9C91C7AC-5DBE-4A54-961A-622326581999}.Release|ARM64.Build.0 = Release|Any CPU
		{9C91C7AC-5DBE-4A54-961A-622326581999}.Release|x64.ActiveCfg = Release|Any CPU
		{9C91C7AC-5DBE-4A54-961A-622326581999}.Release|x64.Build.0 = Release|Any CPU
		{9C91C7AC-5DBE-4A54-961A-622326581999}.Release|x86.ActiveCfg = Release|Any CPU
		{9C91C7AC-5DBE-4A54-961A-622326581999}.Release|x86.Build.0 = Release|Any CPU
		{4D2FEBF6-A191-4889-969E-9E1C23A0118C}.Debug|Any CPU.ActiveCfg = Debug|Any CPU
		{4D2FEBF6-A191-4889-969E-9E1C23A0118C}.Debug|Any CPU.Build.0 = Debug|Any CPU
		{4D2FEBF6-A191-4889-969E-9E1C23A0118C}.Debug|ARM.ActiveCfg = Debug|Any CPU
		{4D2FEBF6-A191-4889-969E-9E1C23A0118C}.Debug|ARM.Build.0 = Debug|Any CPU
		{4D2FEBF6-A191-4889-969E-9E1C23A0118C}.Debug|ARM64.ActiveCfg = Debug|Any CPU
		{4D2FEBF6-A191-4889-969E-9E1C23A0118C}.Debug|ARM64.Build.0 = Debug|Any CPU
		{4D2FEBF6-A191-4889-969E-9E1C23A0118C}.Debug|x64.ActiveCfg = Debug|Any CPU
		{4D2FEBF6-A191-4889-969E-9E1C23A0118C}.Debug|x64.Build.0 = Debug|Any CPU
		{4D2FEBF6-A191-4889-969E-9E1C23A0118C}.Debug|x86.ActiveCfg = Debug|Any CPU
		{4D2FEBF6-A191-4889-969E-9E1C23A0118C}.Debug|x86.Build.0 = Debug|Any CPU
		{4D2FEBF6-A191-4889-969E-9E1C23A0118C}.Release|Any CPU.ActiveCfg = Release|Any CPU
		{4D2FEBF6-A191-4889-969E-9E1C23A0118C}.Release|Any CPU.Build.0 = Release|Any CPU
		{4D2FEBF6-A191-4889-969E-9E1C23A0118C}.Release|ARM.ActiveCfg = Release|Any CPU
		{4D2FEBF6-A191-4889-969E-9E1C23A0118C}.Release|ARM.Build.0 = Release|Any CPU
		{4D2FEBF6-A191-4889-969E-9E1C23A0118C}.Release|ARM64.ActiveCfg = Release|Any CPU
		{4D2FEBF6-A191-4889-969E-9E1C23A0118C}.Release|ARM64.Build.0 = Release|Any CPU
		{4D2FEBF6-A191-4889-969E-9E1C23A0118C}.Release|x64.ActiveCfg = Release|Any CPU
		{4D2FEBF6-A191-4889-969E-9E1C23A0118C}.Release|x64.Build.0 = Release|Any CPU
		{4D2FEBF6-A191-4889-969E-9E1C23A0118C}.Release|x86.ActiveCfg = Release|Any CPU
		{4D2FEBF6-A191-4889-969E-9E1C23A0118C}.Release|x86.Build.0 = Release|Any CPU
		{983F8630-3504-4ECD-9B3B-20FF639E66D7}.Debug|Any CPU.ActiveCfg = Debug|Any CPU
		{983F8630-3504-4ECD-9B3B-20FF639E66D7}.Debug|Any CPU.Build.0 = Debug|Any CPU
		{983F8630-3504-4ECD-9B3B-20FF639E66D7}.Debug|ARM.ActiveCfg = Debug|Any CPU
		{983F8630-3504-4ECD-9B3B-20FF639E66D7}.Debug|ARM.Build.0 = Debug|Any CPU
		{983F8630-3504-4ECD-9B3B-20FF639E66D7}.Debug|ARM64.ActiveCfg = Debug|Any CPU
		{983F8630-3504-4ECD-9B3B-20FF639E66D7}.Debug|ARM64.Build.0 = Debug|Any CPU
		{983F8630-3504-4ECD-9B3B-20FF639E66D7}.Debug|x64.ActiveCfg = Debug|Any CPU
		{983F8630-3504-4ECD-9B3B-20FF639E66D7}.Debug|x64.Build.0 = Debug|Any CPU
		{983F8630-3504-4ECD-9B3B-20FF639E66D7}.Debug|x86.ActiveCfg = Debug|Any CPU
		{983F8630-3504-4ECD-9B3B-20FF639E66D7}.Debug|x86.Build.0 = Debug|Any CPU
		{983F8630-3504-4ECD-9B3B-20FF639E66D7}.Release|Any CPU.ActiveCfg = Release|Any CPU
		{983F8630-3504-4ECD-9B3B-20FF639E66D7}.Release|Any CPU.Build.0 = Release|Any CPU
		{983F8630-3504-4ECD-9B3B-20FF639E66D7}.Release|ARM.ActiveCfg = Release|Any CPU
		{983F8630-3504-4ECD-9B3B-20FF639E66D7}.Release|ARM.Build.0 = Release|Any CPU
		{983F8630-3504-4ECD-9B3B-20FF639E66D7}.Release|ARM64.ActiveCfg = Release|Any CPU
		{983F8630-3504-4ECD-9B3B-20FF639E66D7}.Release|ARM64.Build.0 = Release|Any CPU
		{983F8630-3504-4ECD-9B3B-20FF639E66D7}.Release|x64.ActiveCfg = Release|Any CPU
		{983F8630-3504-4ECD-9B3B-20FF639E66D7}.Release|x64.Build.0 = Release|Any CPU
		{983F8630-3504-4ECD-9B3B-20FF639E66D7}.Release|x86.ActiveCfg = Release|Any CPU
		{983F8630-3504-4ECD-9B3B-20FF639E66D7}.Release|x86.Build.0 = Release|Any CPU
		{7B1BF243-A128-4939-A5DD-6E107BE6BB6E}.Debug|Any CPU.ActiveCfg = Debug|Any CPU
		{7B1BF243-A128-4939-A5DD-6E107BE6BB6E}.Debug|Any CPU.Build.0 = Debug|Any CPU
		{7B1BF243-A128-4939-A5DD-6E107BE6BB6E}.Debug|ARM.ActiveCfg = Debug|Any CPU
		{7B1BF243-A128-4939-A5DD-6E107BE6BB6E}.Debug|ARM.Build.0 = Debug|Any CPU
		{7B1BF243-A128-4939-A5DD-6E107BE6BB6E}.Debug|ARM64.ActiveCfg = Debug|Any CPU
		{7B1BF243-A128-4939-A5DD-6E107BE6BB6E}.Debug|ARM64.Build.0 = Debug|Any CPU
		{7B1BF243-A128-4939-A5DD-6E107BE6BB6E}.Debug|x64.ActiveCfg = Debug|Any CPU
		{7B1BF243-A128-4939-A5DD-6E107BE6BB6E}.Debug|x64.Build.0 = Debug|Any CPU
		{7B1BF243-A128-4939-A5DD-6E107BE6BB6E}.Debug|x86.ActiveCfg = Debug|Any CPU
		{7B1BF243-A128-4939-A5DD-6E107BE6BB6E}.Debug|x86.Build.0 = Debug|Any CPU
		{7B1BF243-A128-4939-A5DD-6E107BE6BB6E}.Release|Any CPU.ActiveCfg = Release|Any CPU
		{7B1BF243-A128-4939-A5DD-6E107BE6BB6E}.Release|Any CPU.Build.0 = Release|Any CPU
		{7B1BF243-A128-4939-A5DD-6E107BE6BB6E}.Release|ARM.ActiveCfg = Release|Any CPU
		{7B1BF243-A128-4939-A5DD-6E107BE6BB6E}.Release|ARM.Build.0 = Release|Any CPU
		{7B1BF243-A128-4939-A5DD-6E107BE6BB6E}.Release|ARM64.ActiveCfg = Release|Any CPU
		{7B1BF243-A128-4939-A5DD-6E107BE6BB6E}.Release|ARM64.Build.0 = Release|Any CPU
		{7B1BF243-A128-4939-A5DD-6E107BE6BB6E}.Release|x64.ActiveCfg = Release|Any CPU
		{7B1BF243-A128-4939-A5DD-6E107BE6BB6E}.Release|x64.Build.0 = Release|Any CPU
		{7B1BF243-A128-4939-A5DD-6E107BE6BB6E}.Release|x86.ActiveCfg = Release|Any CPU
		{7B1BF243-A128-4939-A5DD-6E107BE6BB6E}.Release|x86.Build.0 = Release|Any CPU
		{62CBA2AC-1B14-47BF-9946-2627E183F92D}.Debug|Any CPU.ActiveCfg = Debug|Any CPU
		{62CBA2AC-1B14-47BF-9946-2627E183F92D}.Debug|Any CPU.Build.0 = Debug|Any CPU
		{62CBA2AC-1B14-47BF-9946-2627E183F92D}.Debug|ARM.ActiveCfg = Debug|Any CPU
		{62CBA2AC-1B14-47BF-9946-2627E183F92D}.Debug|ARM.Build.0 = Debug|Any CPU
		{62CBA2AC-1B14-47BF-9946-2627E183F92D}.Debug|ARM64.ActiveCfg = Debug|Any CPU
		{62CBA2AC-1B14-47BF-9946-2627E183F92D}.Debug|ARM64.Build.0 = Debug|Any CPU
		{62CBA2AC-1B14-47BF-9946-2627E183F92D}.Debug|x64.ActiveCfg = Debug|Any CPU
		{62CBA2AC-1B14-47BF-9946-2627E183F92D}.Debug|x64.Build.0 = Debug|Any CPU
		{62CBA2AC-1B14-47BF-9946-2627E183F92D}.Debug|x86.ActiveCfg = Debug|Any CPU
		{62CBA2AC-1B14-47BF-9946-2627E183F92D}.Debug|x86.Build.0 = Debug|Any CPU
		{62CBA2AC-1B14-47BF-9946-2627E183F92D}.Release|Any CPU.ActiveCfg = Release|Any CPU
		{62CBA2AC-1B14-47BF-9946-2627E183F92D}.Release|Any CPU.Build.0 = Release|Any CPU
		{62CBA2AC-1B14-47BF-9946-2627E183F92D}.Release|ARM.ActiveCfg = Release|Any CPU
		{62CBA2AC-1B14-47BF-9946-2627E183F92D}.Release|ARM.Build.0 = Release|Any CPU
		{62CBA2AC-1B14-47BF-9946-2627E183F92D}.Release|ARM64.ActiveCfg = Release|Any CPU
		{62CBA2AC-1B14-47BF-9946-2627E183F92D}.Release|ARM64.Build.0 = Release|Any CPU
		{62CBA2AC-1B14-47BF-9946-2627E183F92D}.Release|x64.ActiveCfg = Release|Any CPU
		{62CBA2AC-1B14-47BF-9946-2627E183F92D}.Release|x64.Build.0 = Release|Any CPU
		{62CBA2AC-1B14-47BF-9946-2627E183F92D}.Release|x86.ActiveCfg = Release|Any CPU
		{62CBA2AC-1B14-47BF-9946-2627E183F92D}.Release|x86.Build.0 = Release|Any CPU
	EndGlobalSection
	GlobalSection(SolutionProperties) = preSolution
		HideSolutionNode = FALSE
	EndGlobalSection
	GlobalSection(NestedProjects) = preSolution
		{D27C6381-7B1E-4A8C-9539-F500ABEC8B2E} = {540C80F8-885C-439F-9E7D-F949FAA5379B}
		{1036C52C-E43B-4A05-9083-435B78D9EB81} = {35183393-F387-4BFF-8D08-9064D715AD21}
		{314123CD-285B-4A7C-B574-CA6898FCC5F0} = {35183393-F387-4BFF-8D08-9064D715AD21}
		{EA276BA7-2EB8-4DC9-852C-6AD59A6F3C43} = {35183393-F387-4BFF-8D08-9064D715AD21}
		{759D77D4-83CB-498B-B961-0A2DBF90AED5} = {35183393-F387-4BFF-8D08-9064D715AD21}
		{D89C8A75-647C-459A-8DEC-11A5839BBC92} = {326D4C57-A5ED-4F4D-B733-2B3465E760AC}
		{4D341D15-5742-49E2-AF1C-C0E95ABD0B34} = {326D4C57-A5ED-4F4D-B733-2B3465E760AC}
		{D8F93577-E410-43C5-BDF3-8722214CE371} = {D89C8A75-647C-459A-8DEC-11A5839BBC92}
		{98F4CCDD-4879-45C0-8298-EB805C2B6096} = {4D341D15-5742-49E2-AF1C-C0E95ABD0B34}
		{9C91C7AC-5DBE-4A54-961A-622326581999} = {4D341D15-5742-49E2-AF1C-C0E95ABD0B34}
		{4D2FEBF6-A191-4889-969E-9E1C23A0118C} = {A30CC2A0-2BEA-448A-8BA6-C14019D2946C}
		{983F8630-3504-4ECD-9B3B-20FF639E66D7} = {A30CC2A0-2BEA-448A-8BA6-C14019D2946C}
		{7B1BF243-A128-4939-A5DD-6E107BE6BB6E} = {4D341D15-5742-49E2-AF1C-C0E95ABD0B34}
		{62CBA2AC-1B14-47BF-9946-2627E183F92D} = {4D341D15-5742-49E2-AF1C-C0E95ABD0B34}
	EndGlobalSection
	GlobalSection(ExtensibilityGlobals) = postSolution
		SolutionGuid = {1773D9AD-3E04-4D9A-90DA-1CB5FA32B10A}
	EndGlobalSection
EndGlobal
